# THIS IS AN AUTOGENERATED FILE. DO NOT EDIT THIS FILE DIRECTLY.
# yarn lockfile v1


"@multiformats/base-x@^4.0.1":
  version "4.0.1"
  resolved "https://registry.yarnpkg.com/@multiformats/base-x/-/base-x-4.0.1.tgz#95ff0fa58711789d53aefb2590a8b7a4e715d121"
  integrity sha512-eMk0b9ReBbV23xXU693TAIrLyeO5iTgBZGSJfpqriG8UkYvr/hC9u9pyMlAakDNHWmbhMZCDs6KQO0jzKD8OTw==

"@textile/crypto@^2.0.0":
  version "2.0.0"
  resolved "https://registry.yarnpkg.com/@textile/crypto/-/crypto-2.0.0.tgz#63c253656a87a0064764b12a262039c921605f18"
  integrity sha512-A0f6rRuLC3/MM0EhfYXK9prUckiRUNDsv2Gemjqpr8KhAmDM0lCmnVXwsBxAS6qHusLh8GftjfdKMd/ymvnNDw==
  dependencies:
    "@types/ed2curve" "^0.2.2"
    "@types/multibase" "^0.6.0"
    ed2curve "^0.3.0"
    multibase "^3.1.0"
    tweetnacl "^1.0.3"

"@types/ed2curve@^0.2.2":
  version "0.2.2"
  resolved "https://registry.yarnpkg.com/@types/ed2curve/-/ed2curve-0.2.2.tgz#8f8bc7e2c9a5895a941c63a4f7acd7a6a62a5b15"
  integrity sha512-G1sTX5xo91ydevQPINbL2nfgVAj/s1ZiqZxC8OCWduwu+edoNGUm5JXtTkg9F3LsBZbRI46/0HES4CPUE2wc9g==
  dependencies:
    tweetnacl "^1.0.0"

"@types/lodash@^4.14.165":
  version "4.14.165"
  resolved "https://registry.yarnpkg.com/@types/lodash/-/lodash-4.14.165.tgz#74d55d947452e2de0742bad65270433b63a8c30f"
  integrity sha512-tjSSOTHhI5mCHTy/OOXYIhi2Wt1qcbHmuXD1Ha7q70CgI/I71afO4XtLb/cVexki1oVYchpul/TOuu3Arcdxrg==

"@types/multibase@^0.6.0":
  version "0.6.0"
  resolved "https://registry.yarnpkg.com/@types/multibase/-/multibase-0.6.0.tgz#a729395114a875918ac139ab3107866975a9329d"
  integrity sha512-PhQiA4pCcIG5yibX/G7K7mk/CXw0HTY98R+efcbbfce9WOyAGbIVqY3zv5kMm+vMAunY29aeOtQ96ePjeX417w==
  dependencies:
    "@types/node" "*"

"@types/node@*", "@types/node@^14.14.11":
  version "14.14.11"
  resolved "https://registry.yarnpkg.com/@types/node/-/node-14.14.11.tgz#fc25a4248a5e8d0837019b1d170146d07334abe0"
  integrity sha512-BJ97wAUuU3NUiUCp44xzUFquQEvnk1wu7q4CMEUYKJWjdkr0YWYDsm4RFtAvxYsNjLsKcrFt6RvK8r+mnzMbEQ==

balanced-match@^1.0.0:
  version "1.0.0"
  resolved "https://registry.yarnpkg.com/balanced-match/-/balanced-match-1.0.0.tgz#89b4d199ab2bee49de164ea02b89ce462d71b767"
  integrity sha1-ibTRmasr7kneFk6gK4nORi1xt2c=

brace-expansion@^1.1.7:
  version "1.1.11"
  resolved "https://registry.yarnpkg.com/brace-expansion/-/brace-expansion-1.1.11.tgz#3c7fcbf529d87226f3d2f52b966ff5271eb441dd"
  integrity sha512-iCuPHDFgrHX7H2vEI/5xpz07zSHB00TpugqhmYtVmMO6518mCuRMoOYFldEBl0g187ufozdaHgWKcYFb61qGiA==
  dependencies:
    balanced-match "^1.0.0"
    concat-map "0.0.1"

bufferutil@^4.0.1:
  version "4.0.2"
  resolved "https://registry.yarnpkg.com/bufferutil/-/bufferutil-4.0.2.tgz#79f68631910f6b993d870fc77dc0a2894eb96cd5"
  integrity sha512-AtnG3W6M8B2n4xDQ5R+70EXvOpnXsFYg/AK2yTZd+HQ/oxAdz+GI+DvjmhBw3L0ole+LJ0ngqY4JMbDzkfNzhA==
  dependencies:
    node-gyp-build "^4.2.0"

concat-map@0.0.1:
  version "0.0.1"
  resolved "https://registry.yarnpkg.com/concat-map/-/concat-map-0.0.1.tgz#d8a96bd77fd68df7793a73036a3ba0d5405d477b"
  integrity sha1-2Klr13/Wjfd5OnMDajug1UBdR3s=

d@1, d@^1.0.1:
  version "1.0.1"
  resolved "https://registry.yarnpkg.com/d/-/d-1.0.1.tgz#8698095372d58dbee346ffd0c7093f99f8f9eb5a"
  integrity sha512-m62ShEObQ39CfralilEQRjH6oAMtNCV1xJyEx5LpRYUVN+EviphDgUc/F3hnYbADmkiNs67Y+3ylmlG7Lnu+FA==
  dependencies:
    es5-ext "^0.10.50"
    type "^1.0.1"

debug@^2.2.0:
  version "2.6.9"
  resolved "https://registry.yarnpkg.com/debug/-/debug-2.6.9.tgz#5d128515df134ff327e90a4c93f4e077a536341f"
  integrity sha512-bC7ElrdJaJnPbAP+1EotYvqZsb3ecl5wi6Bfi6BJTUcNowp6cvspg0jXznRTKDjm/E7AdgFBVeAPVMNcKGsHMA==
  dependencies:
    ms "2.0.0"

ed2curve@^0.3.0:
  version "0.3.0"
  resolved "https://registry.yarnpkg.com/ed2curve/-/ed2curve-0.3.0.tgz#322b575152a45305429d546b071823a93129a05d"
  integrity sha512-8w2fmmq3hv9rCrcI7g9hms2pMunQr1JINfcjwR9tAyZqhtyaMN991lF/ZfHfr5tzZQ8c7y7aBgZbjfbd0fjFwQ==
  dependencies:
    tweetnacl "1.x.x"

es5-ext@^0.10.35, es5-ext@^0.10.50:
  version "0.10.53"
  resolved "https://registry.yarnpkg.com/es5-ext/-/es5-ext-0.10.53.tgz#93c5a3acfdbef275220ad72644ad02ee18368de1"
  integrity sha512-Xs2Stw6NiNHWypzRTY1MtaG/uJlwCk8kH81920ma8mvN8Xq1gsfhZvpkImLQArw8AHnv8MT2I45J3c0R8slE+Q==
  dependencies:
    es6-iterator "~2.0.3"
    es6-symbol "~3.1.3"
    next-tick "~1.0.0"

es6-iterator@~2.0.3:
  version "2.0.3"
  resolved "https://registry.yarnpkg.com/es6-iterator/-/es6-iterator-2.0.3.tgz#a7de889141a05a94b0854403b2d0a0fbfa98f3b7"
  integrity sha1-p96IkUGgWpSwhUQDstCg+/qY87c=
  dependencies:
    d "1"
    es5-ext "^0.10.35"
    es6-symbol "^3.1.1"

es6-symbol@^3.1.1, es6-symbol@~3.1.3:
  version "3.1.3"
  resolved "https://registry.yarnpkg.com/es6-symbol/-/es6-symbol-3.1.3.tgz#bad5d3c1bcdac28269f4cb331e431c78ac705d18"
  integrity sha512-NJ6Yn3FuDinBaBRWl/q5X/s4koRHBrgKAu+yGI6JCBeiu3qrcbJhwT2GeR/EXVfylRk8dpQVJoLEFhK+Mu31NA==
  dependencies:
    d "^1.0.1"
    ext "^1.1.2"

ext@^1.1.2:
  version "1.4.0"
  resolved "https://registry.yarnpkg.com/ext/-/ext-1.4.0.tgz#89ae7a07158f79d35517882904324077e4379244"
  integrity sha512-Key5NIsUxdqKg3vIsdw9dSuXpPCQ297y6wBjL30edxwPgt2E44WcWBZey/ZvUc6sERLTxKdyCu4gZFmUbk1Q7A==
  dependencies:
    type "^2.0.0"

fs.realpath@^1.0.0:
  version "1.0.0"
  resolved "https://registry.yarnpkg.com/fs.realpath/-/fs.realpath-1.0.0.tgz#1504ad2523158caa40db4a2787cb01411994ea4f"
  integrity sha1-FQStJSMVjKpA20onh8sBQRmU6k8=

glob@^7.1.3:
  version "7.1.6"
  resolved "https://registry.yarnpkg.com/glob/-/glob-7.1.6.tgz#141f33b81a7c2492e125594307480c46679278a6"
  integrity sha512-LwaxwyZ72Lk7vZINtNNrywX0ZuLyStrdDtabefZKAY5ZGJhVtgdznluResxNmPitE0SAO+O26sWTHeKSI2wMBA==
  dependencies:
    fs.realpath "^1.0.0"
    inflight "^1.0.4"
    inherits "2"
    minimatch "^3.0.4"
    once "^1.3.0"
    path-is-absolute "^1.0.0"

immediate@~3.0.5:
  version "3.0.6"
  resolved "https://registry.yarnpkg.com/immediate/-/immediate-3.0.6.tgz#9db1dbd0faf8de6fbe0f5dd5e56bb606280de69b"
  integrity sha1-nbHb0Pr43m++D13V5Wu2BigN5ps=

inflight@^1.0.4:
  version "1.0.6"
  resolved "https://registry.yarnpkg.com/inflight/-/inflight-1.0.6.tgz#49bd6331d7d02d0c09bc910a1075ba8165b56df9"
  integrity sha1-Sb1jMdfQLQwJvJEKEHW6gWW1bfk=
  dependencies:
    once "^1.3.0"
    wrappy "1"

inherits@2:
  version "2.0.4"
  resolved "https://registry.yarnpkg.com/inherits/-/inherits-2.0.4.tgz#0fa2c64f932917c3433a0ded55363aae37416b7c"
  integrity sha512-k/vGaX4/Yla3WzyMCvTQOXYeIHvqOKtnqBduzTHpzpQZzAskKMhZ2K+EnBiSM9zGSoIFeMpXKxa4dYeZIQqewQ==

is-typedarray@^1.0.0:
  version "1.0.0"
  resolved "https://registry.yarnpkg.com/is-typedarray/-/is-typedarray-1.0.0.tgz#e479c80858df0c1b11ddda6940f96011fcda4a9a"
  integrity sha1-5HnICFjfDBsR3dppQPlgEfzaSpo=

lie@3.1.1:
  version "3.1.1"
  resolved "https://registry.yarnpkg.com/lie/-/lie-3.1.1.tgz#9a436b2cc7746ca59de7a41fa469b3efb76bd87e"
  integrity sha1-mkNrLMd0bKWd56QfpGmz77dr2H4=
  dependencies:
    immediate "~3.0.5"

localforage@^1.9.0:
  version "1.9.0"
  resolved "https://registry.yarnpkg.com/localforage/-/localforage-1.9.0.tgz#f3e4d32a8300b362b4634cc4e066d9d00d2f09d1"
  integrity sha512-rR1oyNrKulpe+VM9cYmcFn6tsHuokyVHFaCM3+osEmxaHTbEk8oQu6eGDfS6DQLWi/N67XRmB8ECG37OES368g==
  dependencies:
    lie "3.1.1"

lodash@^4.17.20:
  version "4.17.20"
  resolved "https://registry.yarnpkg.com/lodash/-/lodash-4.17.20.tgz#b44a9b6297bcb698f1c51a3545a2b3b368d59c52"
  integrity sha512-PlhdFcillOINfeV7Ni6oF1TAEayyZBoZ8bcshTHqOYJYlrqzRK5hagpagky5o4HfCzzd1TRkXPMFq6cKk9rGmA==

minimatch@^3.0.4:
  version "3.0.4"
  resolved "https://registry.yarnpkg.com/minimatch/-/minimatch-3.0.4.tgz#5166e286457f03306064be5497e8dbb0c3d32083"
  integrity sha512-yJHVQEhyqPLUTgt9B83PXu6W3rx4MvvHvSUvToogpwoGDOUQ+yDrR0HRot+yOCdCO7u4hX3pWft6kWBBcqh0UA==
  dependencies:
    brace-expansion "^1.1.7"

ms@2.0.0:
  version "2.0.0"
  resolved "https://registry.yarnpkg.com/ms/-/ms-2.0.0.tgz#5608aeadfc00be6c2901df5f9861788de0d597c8"
  integrity sha1-VgiurfwAvmwpAd9fmGF4jeDVl8g=

multibase@^3.1.0:
  version "3.1.0"
  resolved "https://registry.yarnpkg.com/multibase/-/multibase-3.1.0.tgz#2999aebbd34b3fa85cd5a9d42babc6031aeccafe"
  integrity sha512-Z+pThrpbS7ckQ2DwW5mPiwCGe1a94f8DWi/OxmbyeRednVOyUKmLSE+60kL/WHFYwWnaD1OakXGk3PYI1NkMFw==
  dependencies:
    "@multiformats/base-x" "^4.0.1"
    web-encoding "^1.0.4"

next-tick@~1.0.0:
  version "1.0.0"
  resolved "https://registry.yarnpkg.com/next-tick/-/next-tick-1.0.0.tgz#ca86d1fe8828169b0120208e3dc8424b9db8342c"
  integrity sha1-yobR/ogoFpsBICCOPchCS524NCw=

node-gyp-build@^4.2.0:
  version "4.2.3"
  resolved "https://registry.yarnpkg.com/node-gyp-build/-/node-gyp-build-4.2.3.tgz#ce6277f853835f718829efb47db20f3e4d9c4739"
  integrity sha512-MN6ZpzmfNCRM+3t57PTJHgHyw/h4OWnZ6mR8P5j/uZtqQr46RRuDE/P+g3n0YR/AiYXeWixZZzaip77gdICfRg==

once@^1.3.0:
  version "1.4.0"
  resolved "https://registry.yarnpkg.com/once/-/once-1.4.0.tgz#583b1aa775961d4b113ac17d9c50baef9dd76bd1"
  integrity sha1-WDsap3WWHUsROsF9nFC6753Xa9E=
  dependencies:
    wrappy "1"

path-is-absolute@^1.0.0:
  version "1.0.1"
  resolved "https://registry.yarnpkg.com/path-is-absolute/-/path-is-absolute-1.0.1.tgz#174b9268735534ffbc7ace6bf53a5a9e1b5c5f5f"
  integrity sha1-F0uSaHNVNP+8es5r9TpanhtcX18=

rimraf@^3.0.2:
  version "3.0.2"
  resolved "https://registry.yarnpkg.com/rimraf/-/rimraf-3.0.2.tgz#f1a5402ba6220ad52cc1282bac1ae3aa49fd061a"
  integrity sha512-JZkJMZkAGFFPP2YqXZXPbMlMBgsxzE8ILs4lMIX/2o0L9UBw9O/Y3o6wFw/i9YLapcUJWwqbi3kdxIPdC62TIA==
  dependencies:
    glob "^7.1.3"

tstl@^2.0.7:
  version "2.4.12"
  resolved "https://registry.yarnpkg.com/tstl/-/tstl-2.4.12.tgz#a77e49cd3ead170d40b1d03263ff183de5e007b9"
  integrity sha512-VWchyrLg9Bw/MFet31+uNLPYud52kGDVLsQSZJ4/T3Uu6m1m2/5RfdYdlV6RKmXeDlTbc8Dklkwm07Nhk2FejQ==

tweetnacl@1.x.x, tweetnacl@^1.0.0, tweetnacl@^1.0.3:
  version "1.0.3"
  resolved "https://registry.yarnpkg.com/tweetnacl/-/tweetnacl-1.0.3.tgz#ac0af71680458d8a6378d0d0d050ab1407d35596"
  integrity sha512-6rt+RN7aOi1nGMyC4Xa5DdYiukl2UWCbcJft7YhxReBGQD7OAM8Pbxw6YMo4r2diNEA8FEmu32YOn9rhaiE5yw==

type@^1.0.1:
  version "1.2.0"
  resolved "https://registry.yarnpkg.com/type/-/type-1.2.0.tgz#848dd7698dafa3e54a6c479e759c4bc3f18847a0"
  integrity sha512-+5nt5AAniqsCnu2cEQQdpzCAh33kVx8n0VoFidKpB1dVVLAN/F+bgVOqOJqOnEnrhp222clB5p3vUlD+1QAnfg==

type@^2.0.0:
  version "2.1.0"
  resolved "https://registry.yarnpkg.com/type/-/type-2.1.0.tgz#9bdc22c648cf8cf86dd23d32336a41cfb6475e3f"
  integrity sha512-G9absDWvhAWCV2gmF1zKud3OyC61nZDwWvBL2DApaVFogI07CprggiQAOOjvp2NRjYWFzPyu7vwtDrQFq8jeSA==

typedarray-to-buffer@^3.1.5:
  version "3.1.5"
  resolved "https://registry.yarnpkg.com/typedarray-to-buffer/-/typedarray-to-buffer-3.1.5.tgz#a97ee7a9ff42691b9f783ff1bc5112fe3fca9080"
  integrity sha512-zdu8XMNEDepKKR+XYOXAVPtWui0ly0NtohUscw+UmaHiAWT8hrV1rr//H6V+0DvJ3OQ19S979M0laLfX8rm82Q==
  dependencies:
    is-typedarray "^1.0.0"

typescript@^3.9.3:
  version "3.9.7"
  resolved "https://registry.yarnpkg.com/typescript/-/typescript-3.9.7.tgz#98d600a5ebdc38f40cb277522f12dc800e9e25fa"
  integrity sha512-BLbiRkiBzAwsjut4x/dsibSTB6yWpwT5qWmC2OfuCg3GgVQCSgMs4vEctYPhsaGtd0AeuuHMkjZ2h2WG8MSzRw==

utf-8-validate@^5.0.2:
  version "5.0.3"
  resolved "https://registry.yarnpkg.com/utf-8-validate/-/utf-8-validate-5.0.3.tgz#3b64e418ad2ff829809025fdfef595eab2f03a27"
  integrity sha512-jtJM6fpGv8C1SoH4PtG22pGto6x+Y8uPprW0tw3//gGFhDDTiuksgradgFN6yRayDP4SyZZa6ZMGHLIa17+M8A==
  dependencies:
    node-gyp-build "^4.2.0"

web-encoding@^1.0.4:
  version "1.0.4"
  resolved "https://registry.yarnpkg.com/web-encoding/-/web-encoding-1.0.4.tgz#0398d39ce2cbef5ed2617080750ed874e6153aea"
  integrity sha512-DcXs2lbVPzuJmn2kuDEwul2oZg7p4YMa5J2f0YzsOBHaAnBYGPNUB/rJ74DTjTKpw7F0+lSsVM8sFHE2UyBixg==

websocket-polyfill@^0.0.3:
  version "0.0.3"
  resolved "https://registry.yarnpkg.com/websocket-polyfill/-/websocket-polyfill-0.0.3.tgz#7321ada0f5f17516290ba1cb587ac111b74ce6a5"
  integrity sha512-pF3kR8Uaoau78MpUmFfzbIRxXj9PeQrCuPepGE6JIsfsJ/o/iXr07Q2iQNzKSSblQJ0FiGWlS64N4pVSm+O3Dg==
  dependencies:
    tstl "^2.0.7"
    websocket "^1.0.28"

websocket@^1.0.28:
  version "1.0.33"
  resolved "https://registry.yarnpkg.com/websocket/-/websocket-1.0.33.tgz#407f763fc58e74a3fa41ca3ae5d78d3f5e3b82a5"
  integrity sha512-XwNqM2rN5eh3G2CUQE3OHZj+0xfdH42+OFK6LdC2yqiC0YU8e5UK0nYre220T0IyyN031V/XOvtHvXozvJYFWA==
  dependencies:
    bufferutil "^4.0.1"
    debug "^2.2.0"
    es5-ext "^0.10.50"
    typedarray-to-buffer "^3.1.5"
    utf-8-validate "^5.0.2"
    yaeti "^0.0.6"

wrappy@1:
  version "1.0.2"
  resolved "https://registry.yarnpkg.com/wrappy/-/wrappy-1.0.2.tgz#b5243d8f3ec1aa35f1364605bc0d1036e30ab69f"
  integrity sha1-tSQ9jz7BqjXxNkYFvA0QNuMKtp8=

yaeti@^0.0.6:
  version "0.0.6"
  resolved "https://registry.yarnpkg.com/yaeti/-/yaeti-0.0.6.tgz#f26f484d72684cf42bedfb76970aa1608fbf9577"
  integrity sha1-8m9ITXJoTPQr7ft2lwqhYI+/lXc=
